// !$*UTF8*$!
{
	archiveVersion = 1;
	classes = {
	};
	objectVersion = 55;
	objects = {

/* Begin PBXBuildFile section */
		F305E9AF2868D5E80062D905 /* AspectVGrid.swift in Sources */ = {isa = PBXBuildFile; fileRef = F305E9AE2868D5E80062D905 /* AspectVGrid.swift */; };
		F36F3EED2866512F008DA4D3 /* CardView.swift in Sources */ = {isa = PBXBuildFile; fileRef = F36F3EEC2866512F008DA4D3 /* CardView.swift */; };
		F36F3EF228665696008DA4D3 /* Diamond.swift in Sources */ = {isa = PBXBuildFile; fileRef = F36F3EF128665696008DA4D3 /* Diamond.swift */; };
		F36F3EF52867B0E1008DA4D3 /* ShapeView.swift in Sources */ = {isa = PBXBuildFile; fileRef = F36F3EF42867B0E1008DA4D3 /* ShapeView.swift */; };
		F36F3EF72868CFD3008DA4D3 /* TableView.swift in Sources */ = {isa = PBXBuildFile; fileRef = F36F3EF62868CFD3008DA4D3 /* TableView.swift */; };
		F36F3EF92868D03B008DA4D3 /* Table.swift in Sources */ = {isa = PBXBuildFile; fileRef = F36F3EF82868D03B008DA4D3 /* Table.swift */; };
		F3C15357285E1C74001A7A81 /* SetApp.swift in Sources */ = {isa = PBXBuildFile; fileRef = F3C15356285E1C74001A7A81 /* SetApp.swift */; };
		F3C1535B285E1C74001A7A81 /* Assets.xcassets in Resources */ = {isa = PBXBuildFile; fileRef = F3C1535A285E1C74001A7A81 /* Assets.xcassets */; };
		F3C1535E285E1C74001A7A81 /* Preview Assets.xcassets in Resources */ = {isa = PBXBuildFile; fileRef = F3C1535D285E1C74001A7A81 /* Preview Assets.xcassets */; };
		F3C15365285E2395001A7A81 /* SetGame.swift in Sources */ = {isa = PBXBuildFile; fileRef = F3C15364285E2395001A7A81 /* SetGame.swift */; };
		F3C15367285E23D1001A7A81 /* SetCard.swift in Sources */ = {isa = PBXBuildFile; fileRef = F3C15366285E23D1001A7A81 /* SetCard.swift */; };
		F3E079872896BB76004C0C5D /* Squiggle.swift in Sources */ = {isa = PBXBuildFile; fileRef = F3E079862896BB76004C0C5D /* Squiggle.swift */; };
		F3E0798B2899C305004C0C5D /* StripedTexture.swift in Sources */ = {isa = PBXBuildFile; fileRef = F3E0798A2899C305004C0C5D /* StripedTexture.swift */; };
		F3EC0DE52873622B00D95C9F /* View.swift in Sources */ = {isa = PBXBuildFile; fileRef = F3EC0DE42873622B00D95C9F /* View.swift */; };
/* End PBXBuildFile section */

/* Begin PBXFileReference section */
		F305E9AE2868D5E80062D905 /* AspectVGrid.swift */ = {isa = PBXFileReference; lastKnownFileType = sourcecode.swift; path = AspectVGrid.swift; sourceTree = "<group>"; };
		F36F3EEC2866512F008DA4D3 /* CardView.swift */ = {isa = PBXFileReference; lastKnownFileType = sourcecode.swift; path = CardView.swift; sourceTree = "<group>"; };
		F36F3EF128665696008DA4D3 /* Diamond.swift */ = {isa = PBXFileReference; lastKnownFileType = sourcecode.swift; path = Diamond.swift; sourceTree = "<group>"; };
		F36F3EF42867B0E1008DA4D3 /* ShapeView.swift */ = {isa = PBXFileReference; lastKnownFileType = sourcecode.swift; path = ShapeView.swift; sourceTree = "<group>"; };
		F36F3EF62868CFD3008DA4D3 /* TableView.swift */ = {isa = PBXFileReference; lastKnownFileType = sourcecode.swift; path = TableView.swift; sourceTree = "<group>"; };
		F36F3EF82868D03B008DA4D3 /* Table.swift */ = {isa = PBXFileReference; lastKnownFileType = sourcecode.swift; path = Table.swift; sourceTree = "<group>"; };
		F3C15353285E1C74001A7A81 /* Set.app */ = {isa = PBXFileReference; explicitFileType = wrapper.application; includeInIndex = 0; path = Set.app; sourceTree = BUILT_PRODUCTS_DIR; };
		F3C15356285E1C74001A7A81 /* SetApp.swift */ = {isa = PBXFileReference; lastKnownFileType = sourcecode.swift; path = SetApp.swift; sourceTree = "<group>"; };
		F3C1535A285E1C74001A7A81 /* Assets.xcassets */ = {isa = PBXFileReference; lastKnownFileType = folder.assetcatalog; path = Assets.xcassets; sourceTree = "<group>"; };
		F3C1535D285E1C74001A7A81 /* Preview Assets.xcassets */ = {isa = PBXFileReference; lastKnownFileType = folder.assetcatalog; path = "Preview Assets.xcassets"; sourceTree = "<group>"; };
		F3C15364285E2395001A7A81 /* SetGame.swift */ = {isa = PBXFileReference; lastKnownFileType = sourcecode.swift; path = SetGame.swift; sourceTree = "<group>"; };
		F3C15366285E23D1001A7A81 /* SetCard.swift */ = {isa = PBXFileReference; lastKnownFileType = sourcecode.swift; path = SetCard.swift; sourceTree = "<group>"; };
		F3E079862896BB76004C0C5D /* Squiggle.swift */ = {isa = PBXFileReference; lastKnownFileType = sourcecode.swift; path = Squiggle.swift; sourceTree = "<group>"; };
		F3E0798A2899C305004C0C5D /* StripedTexture.swift */ = {isa = PBXFileReference; lastKnownFileType = sourcecode.swift; path = StripedTexture.swift; sourceTree = "<group>"; };
		F3EC0DE42873622B00D95C9F /* View.swift */ = {isa = PBXFileReference; lastKnownFileType = sourcecode.swift; path = View.swift; sourceTree = "<group>"; };
/* End PBXFileReference section */

/* Begin PBXFrameworksBuildPhase section */
		F3C15350285E1C74001A7A81 /* Frameworks */ = {
			isa = PBXFrameworksBuildPhase;
			buildActionMask = 2147483647;
			files = (
			);
			runOnlyForDeploymentPostprocessing = 0;
		};
/* End PBXFrameworksBuildPhase section */

/* Begin PBXGroup section */
		F36F3EE828665102008DA4D3 /* Models */ = {
			isa = PBXGroup;
			children = (
				F3C15364285E2395001A7A81 /* SetGame.swift */,
				F3C15366285E23D1001A7A81 /* SetCard.swift */,
			);
			path = Models;
			sourceTree = "<group>";
		};
		F36F3EE928665111008DA4D3 /* Views */ = {
			isa = PBXGroup;
			children = (
				F36F3EF32866601E008DA4D3 /* CardView */,
				F36F3EF62868CFD3008DA4D3 /* TableView.swift */,
				F305E9AE2868D5E80062D905 /* AspectVGrid.swift */,
				F3EC0DE32873621A00D95C9F /* extensions */,
			);
			path = Views;
			sourceTree = "<group>";
		};
		F36F3EF028665681008DA4D3 /* Shapes */ = {
			isa = PBXGroup;
			children = (
				F36F3EF128665696008DA4D3 /* Diamond.swift */,
				F3E079862896BB76004C0C5D /* Squiggle.swift */,
				F3E0798A2899C305004C0C5D /* StripedTexture.swift */,
			);
			path = Shapes;
			sourceTree = "<group>";
		};
		F36F3EF32866601E008DA4D3 /* CardView */ = {
			isa = PBXGroup;
			children = (
				F36F3EEC2866512F008DA4D3 /* CardView.swift */,
				F36F3EF42867B0E1008DA4D3 /* ShapeView.swift */,
				F36F3EF028665681008DA4D3 /* Shapes */,
			);
			path = CardView;
			sourceTree = "<group>";
		};
		F3C1534A285E1C74001A7A81 = {
			isa = PBXGroup;
			children = (
				F3C15355285E1C74001A7A81 /* Set */,
				F3C15354285E1C74001A7A81 /* Products */,
			);
			sourceTree = "<group>";
		};
		F3C15354285E1C74001A7A81 /* Products */ = {
			isa = PBXGroup;
			children = (
				F3C15353285E1C74001A7A81 /* Set.app */,
			);
			name = Products;
			sourceTree = "<group>";
		};
		F3C15355285E1C74001A7A81 /* Set */ = {
			isa = PBXGroup;
			children = (
				F36F3EE828665102008DA4D3 /* Models */,
				F3EC0DE22871F4A300D95C9F /* ViewModels */,
				F36F3EE928665111008DA4D3 /* Views */,
				F3C15356285E1C74001A7A81 /* SetApp.swift */,
				F3C1535A285E1C74001A7A81 /* Assets.xcassets */,
				F3C1535C285E1C74001A7A81 /* Preview Content */,
			);
			path = Set;
			sourceTree = "<group>";
		};
		F3C1535C285E1C74001A7A81 /* Preview Content */ = {
			isa = PBXGroup;
			children = (
				F3C1535D285E1C74001A7A81 /* Preview Assets.xcassets */,
			);
			path = "Preview Content";
			sourceTree = "<group>";
		};
		F3EC0DE22871F4A300D95C9F /* ViewModels */ = {
			isa = PBXGroup;
			children = (
				F36F3EF82868D03B008DA4D3 /* Table.swift */,
			);
			path = ViewModels;
			sourceTree = "<group>";
		};
		F3EC0DE32873621A00D95C9F /* extensions */ = {
			isa = PBXGroup;
			children = (
				F3EC0DE42873622B00D95C9F /* View.swift */,
			);
			path = extensions;
			sourceTree = "<group>";
		};
/* End PBXGroup section */

/* Begin PBXNativeTarget section */
		F3C15352285E1C74001A7A81 /* Set */ = {
			isa = PBXNativeTarget;
			buildConfigurationList = F3C15361285E1C74001A7A81 /* Build configuration list for PBXNativeTarget "Set" */;
			buildPhases = (
				F3C1534F285E1C74001A7A81 /* Sources */,
				F3C15350285E1C74001A7A81 /* Frameworks */,
				F3C15351285E1C74001A7A81 /* Resources */,
			);
			buildRules = (
			);
			dependencies = (
			);
			name = Set;
			productName = Set;
			productReference = F3C15353285E1C74001A7A81 /* Set.app */;
			productType = "com.apple.product-type.application";
		};
/* End PBXNativeTarget section */

/* Begin PBXProject section */
		F3C1534B285E1C74001A7A81 /* Project object */ = {
			isa = PBXProject;
			attributes = {
				BuildIndependentTargetsInParallel = 1;
				LastSwiftUpdateCheck = 1340;
				LastUpgradeCheck = 1340;
				TargetAttributes = {
					F3C15352285E1C74001A7A81 = {
						CreatedOnToolsVersion = 13.4.1;
					};
				};
			};
			buildConfigurationList = F3C1534E285E1C74001A7A81 /* Build configuration list for PBXProject "Set" */;
			compatibilityVersion = "Xcode 13.0";
			developmentRegion = en;
			hasScannedForEncodings = 0;
			knownRegions = (
				en,
				Base,
			);
			mainGroup = F3C1534A285E1C74001A7A81;
			productRefGroup = F3C15354285E1C74001A7A81 /* Products */;
			projectDirPath = "";
			projectRoot = "";
			targets = (
				F3C15352285E1C74001A7A81 /* Set */,
			);
		};
/* End PBXProject section */

/* Begin PBXResourcesBuildPhase section */
		F3C15351285E1C74001A7A81 /* Resources */ = {
			isa = PBXResourcesBuildPhase;
			buildActionMask = 2147483647;
			files = (
				F3C1535E285E1C74001A7A81 /* Preview Assets.xcassets in Resources */,
				F3C1535B285E1C74001A7A81 /* Assets.xcassets in Resources */,
			);
			runOnlyForDeploymentPostprocessing = 0;
		};
/* End PBXResourcesBuildPhase section */

/* Begin PBXSourcesBuildPhase section */
		F3C1534F285E1C74001A7A81 /* Sources */ = {
			isa = PBXSourcesBuildPhase;
			buildActionMask = 2147483647;
			files = (
				F3E079872896BB76004C0C5D /* Squiggle.swift in Sources */,
				F3C15365285E2395001A7A81 /* SetGame.swift in Sources */,
				F36F3EF228665696008DA4D3 /* Diamond.swift in Sources */,
				F3EC0DE52873622B00D95C9F /* View.swift in Sources */,
				F3C15357285E1C74001A7A81 /* SetApp.swift in Sources */,
				F3C15367285E23D1001A7A81 /* SetCard.swift in Sources */,
				F36F3EF72868CFD3008DA4D3 /* TableView.swift in Sources */,
				F3E0798B2899C305004C0C5D /* StripedTexture.swift in Sources */,
				F36F3EF92868D03B008DA4D3 /* Table.swift in Sources */,
				F36F3EF52867B0E1008DA4D3 /* ShapeView.swift in Sources */,
				F305E9AF2868D5E80062D905 /* AspectVGrid.swift in Sources */,
				F36F3EED2866512F008DA4D3 /* CardView.swift in Sources */,
			);
			runOnlyForDeploymentPostprocessing = 0;
		};
/* End PBXSourcesBuildPhase section */

/* Begin XCBuildConfiguration section */
		F3C1535F285E1C74001A7A81 /* Debug */ = {
			isa = XCBuildConfiguration;
			buildSettings = {
				ALWAYS_SEARCH_USER_PATHS = NO;
				CLANG_ANALYZER_NONNULL = YES;
				CLANG_ANALYZER_NUMBER_OBJECT_CONVERSION = YES_AGGRESSIVE;
				CLANG_CXX_LANGUAGE_STANDARD = "gnu++17";
				CLANG_ENABLE_MODULES = YES;
				CLANG_ENABLE_OBJC_ARC = YES;
				CLANG_ENABLE_OBJC_WEAK = YES;
				CLANG_WARN_BLOCK_CAPTURE_AUTORELEASING = YES;
				CLANG_WARN_BOOL_CONVERSION = YES;
				CLANG_WARN_COMMA = YES;
				CLANG_WARN_CONSTANT_CONVERSION = YES;
				CLANG_WARN_DEPRECATED_OBJC_IMPLEMENTATIONS = YES;
				CLANG_WARN_DIRECT_OBJC_ISA_USAGE = YES_ERROR;
				CLANG_WARN_DOCUMENTATION_COMMENTS = YES;
				CLANG_WARN_EMPTY_BODY = YES;
				CLANG_WARN_ENUM_CONVERSION = YES;
				CLANG_WARN_INFINITE_RECURSION = YES;
				CLANG_WARN_INT_CONVERSION = YES;
				CLANG_WARN_NON_LITERAL_NULL_CONVERSION = YES;
				CLANG_WARN_OBJC_IMPLICIT_RETAIN_SELF = YES;
				CLANG_WARN_OBJC_LITERAL_CONVERSION = YES;
				CLANG_WARN_OBJC_ROOT_CLASS = YES_ERROR;
				CLANG_WARN_QUOTED_INCLUDE_IN_FRAMEWORK_HEADER = YES;
				CLANG_WARN_RANGE_LOOP_ANALYSIS = YES;
				CLANG_WARN_STRICT_PROTOTYPES = YES;
				CLANG_WARN_SUSPICIOUS_MOVE = YES;
				CLANG_WARN_UNGUARDED_AVAILABILITY = YES_AGGRESSIVE;
				CLANG_WARN_UNREACHABLE_CODE = YES;
				CLANG_WARN__DUPLICATE_METHOD_MATCH = YES;
				COPY_PHASE_STRIP = NO;
				DEBUG_INFORMATION_FORMAT = dwarf;
				ENABLE_STRICT_OBJC_MSGSEND = YES;
				ENABLE_TESTABILITY = YES;
				GCC_C_LANGUAGE_STANDARD = gnu11;
				GCC_DYNAMIC_NO_PIC = NO;
				GCC_NO_COMMON_BLOCKS = YES;
				GCC_OPTIMIZATION_LEVEL = 0;
				GCC_PREPROCESSOR_DEFINITIONS = (
					"DEBUG=1",
					"$(inherited)",
				);
				GCC_WARN_64_TO_32_BIT_CONVERSION = YES;
				GCC_WARN_ABOUT_RETURN_TYPE = YES_ERROR;
				GCC_WARN_UNDECLARED_SELECTOR = YES;
				GCC_WARN_UNINITIALIZED_AUTOS = YES_AGGRESSIVE;
				GCC_WARN_UNUSED_FUNCTION = YES;
				GCC_WARN_UNUSED_VARIABLE = YES;
				IPHONEOS_DEPLOYMENT_TARGET = 15.5;
				MTL_ENABLE_DEBUG_INFO = INCLUDE_SOURCE;
				MTL_FAST_MATH = YES;
				ONLY_ACTIVE_ARCH = YES;
				SDKROOT = iphoneos;
				SWIFT_ACTIVE_COMPILATION_CONDITIONS = DEBUG;
				SWIFT_OPTIMIZATION_LEVEL = "-Onone";
			};
			name = Debug;
		};
		F3C15360285E1C74001A7A81 /* Release */ = {
			isa = XCBuildConfiguration;
			buildSettings = {
				ALWAYS_SEARCH_USER_PATHS = NO;
				CLANG_ANALYZER_NONNULL = YES;
				CLANG_ANALYZER_NUMBER_OBJECT_CONVERSION = YES_AGGRESSIVE;
				CLANG_CXX_LANGUAGE_STANDARD = "gnu++17";
				CLANG_ENABLE_MODULES = YES;
				CLANG_ENABLE_OBJC_ARC = YES;
				CLANG_ENABLE_OBJC_WEAK = YES;
				CLANG_WARN_BLOCK_CAPTURE_AUTORELEASING = YES;
				CLANG_WARN_BOOL_CONVERSION = YES;
				CLANG_WARN_COMMA = YES;
				CLANG_WARN_CONSTANT_CONVERSION = YES;
				CLANG_WARN_DEPRECATED_OBJC_IMPLEMENTATIONS = YES;
				CLANG_WARN_DIRECT_OBJC_ISA_USAGE = YES_ERROR;
				CLANG_WARN_DOCUMENTATION_COMMENTS = YES;
				CLANG_WARN_EMPTY_BODY = YES;
				CLANG_WARN_ENUM_CONVERSION = YES;
				CLANG_WARN_INFINITE_RECURSION = YES;
				CLANG_WARN_INT_CONVERSION = YES;
				CLANG_WARN_NON_LITERAL_NULL_CONVERSION = YES;
				CLANG_WARN_OBJC_IMPLICIT_RETAIN_SELF = YES;
				CLANG_WARN_OBJC_LITERAL_CONVERSION = YES;
				CLANG_WARN_OBJC_ROOT_CLASS = YES_ERROR;
				CLANG_WARN_QUOTED_INCLUDE_IN_FRAMEWORK_HEADER = YES;
				CLANG_WARN_RANGE_LOOP_ANALYSIS = YES;
				CLANG_WARN_STRICT_PROTOTYPES = YES;
				CLANG_WARN_SUSPICIOUS_MOVE = YES;
				CLANG_WARN_UNGUARDED_AVAILABILITY = YES_AGGRESSIVE;
				CLANG_WARN_UNREACHABLE_CODE = YES;
				CLANG_WARN__DUPLICATE_METHOD_MATCH = YES;
				COPY_PHASE_STRIP = NO;
				DEBUG_INFORMATION_FORMAT = "dwarf-with-dsym";
				ENABLE_NS_ASSERTIONS = NO;
				ENABLE_STRICT_OBJC_MSGSEND = YES;
				GCC_C_LANGUAGE_STANDARD = gnu11;
				GCC_NO_COMMON_BLOCKS = YES;
				GCC_WARN_64_TO_32_BIT_CONVERSION = YES;
				GCC_WARN_ABOUT_RETURN_TYPE = YES_ERROR;
				GCC_WARN_UNDECLARED_SELECTOR = YES;
				GCC_WARN_UNINITIALIZED_AUTOS = YES_AGGRESSIVE;
				GCC_WARN_UNUSED_FUNCTION = YES;
				GCC_WARN_UNUSED_VARIABLE = YES;
				IPHONEOS_DEPLOYMENT_TARGET = 15.5;
				MTL_ENABLE_DEBUG_INFO = NO;
				MTL_FAST_MATH = YES;
				SDKROOT = iphoneos;
				SWIFT_COMPILATION_MODE = wholemodule;
				SWIFT_OPTIMIZATION_LEVEL = "-O";
				VALIDATE_PRODUCT = YES;
			};
			name = Release;
		};
		F3C15362285E1C74001A7A81 /* Debug */ = {
			isa = XCBuildConfiguration;
			buildSettings = {
				ASSETCATALOG_COMPILER_APPICON_NAME = AppIcon;
				ASSETCATALOG_COMPILER_GLOBAL_ACCENT_COLOR_NAME = AccentColor;
				CODE_SIGN_STYLE = Automatic;
				CURRENT_PROJECT_VERSION = 1;
				DEVELOPMENT_ASSET_PATHS = "\"Set/Preview Content\"";
				DEVELOPMENT_TEAM = 44R27BB6SM;
				ENABLE_PREVIEWS = YES;
				GENERATE_INFOPLIST_FILE = YES;
				INFOPLIST_KEY_UIApplicationSceneManifest_Generation = YES;
				INFOPLIST_KEY_UIApplicationSupportsIndirectInputEvents = YES;
				INFOPLIST_KEY_UILaunchScreen_Generation = YES;
				INFOPLIST_KEY_UISupportedInterfaceOrientations_iPad = "UIInterfaceOrientationPortrait UIInterfaceOrientationPortraitUpsideDown UIInterfaceOrientationLandscapeLeft UIInterfaceOrientationLandscapeRight";
				INFOPLIST_KEY_UISupportedInterfaceOrientations_iPhone = "UIInterfaceOrientationPortrait UIInterfaceOrientationLandscapeLeft UIInterfaceOrientationLandscapeRight";
				LD_RUNPATH_SEARCH_PATHS = (
					"$(inherited)",
					"@executable_path/Frameworks",
				);
				MARKETING_VERSION = 1.0;
				PRODUCT_BUNDLE_IDENTIFIER = Cogito.Set;
				PRODUCT_NAME = "$(TARGET_NAME)";
				SWIFT_EMIT_LOC_STRINGS = YES;
				SWIFT_VERSION = 5.0;
				TARGETED_DEVICE_FAMILY = "1,2";
			};
			name = Debug;
		};
		F3C15363285E1C74001A7A81 /* Release */ = {
			isa = XCBuildConfiguration;
			buildSettings = {
				ASSETCATALOG_COMPILER_APPICON_NAME = AppIcon;
				ASSETCATALOG_COMPILER_GLOBAL_ACCENT_COLOR_NAME = AccentColor;
				CODE_SIGN_STYLE = Automatic;
				CURRENT_PROJECT_VERSION = 1;
				DEVELOPMENT_ASSET_PATHS = "\"Set/Preview Content\"";
				DEVELOPMENT_TEAM = 44R27BB6SM;
				ENABLE_PREVIEWS = YES;
				GCC_OPTIMIZATION_LEVEL = 1;
				GENERATE_INFOPLIST_FILE = YES;
				INFOPLIST_KEY_UIApplicationSceneManifest_Generation = YES;
				INFOPLIST_KEY_UIApplicationSupportsIndirectInputEvents = YES;
				INFOPLIST_KEY_UILaunchScreen_Generation = YES;
				INFOPLIST_KEY_UISupportedInterfaceOrientations_iPad = "UIInterfaceOrientationPortrait UIInterfaceOrientationPortraitUpsideDown UIInterfaceOrientationLandscapeLeft UIInterfaceOrientationLandscapeRight";
				INFOPLIST_KEY_UISupportedInterfaceOrientations_iPhone = "UIInterfaceOrientationPortrait UIInterfaceOrientationLandscapeLeft UIInterfaceOrientationLandscapeRight";
				LD_RUNPATH_SEARCH_PATHS = (
					"$(inherited)",
					"@executable_path/Frameworks",
				);
				MARKETING_VERSION = 1.0;
				PRODUCT_BUNDLE_IDENTIFIER = Cogito.Set;
				PRODUCT_NAME = "$(TARGET_NAME)";
				SWIFT_EMIT_LOC_STRINGS = YES;
				SWIFT_VERSION = 5.0;
				TARGETED_DEVICE_FAMILY = "1,2";
			};
			name = Release;
		};
/* End XCBuildConfiguration section */

/* Begin XCConfigurationList section */
		F3C1534E285E1C74001A7A81 /* Build configuration list for PBXProject "Set" */ = {
			isa = XCConfigurationList;
			buildConfigurations = (
				F3C1535F285E1C74001A7A81 /* Debug */,
				F3C15360285E1C74001A7A81 /* Release */,
			);
			defaultConfigurationIsVisible = 0;
			defaultConfigurationName = Release;
		};
		F3C15361285E1C74001A7A81 /* Build configuration list for PBXNativeTarget "Set" */ = {
			isa = XCConfigurationList;
			buildConfigurations = (
				F3C15362285E1C74001A7A81 /* Debug */,
				F3C15363285E1C74001A7A81 /* Release */,
			);
			defaultConfigurationIsVisible = 0;
			defaultConfigurationName = Release;
		};
/* End XCConfigurationList section */
	};
	rootObject = F3C1534B285E1C74001A7A81 /* Project object */;
}
